
Microsoft Visual Studio Solution File, Format Version 12.00
# Visual Studio Version 16
VisualStudioVersion = 16.0.30621.155
MinimumVisualStudioVersion = 10.0.40219.1
Project("{8BC9CEB8-8B4A-11D0-8D11-00A0C91BC942}") = "Work5.1 For Work5.6", "Work5.1 For Work5.6\Work5.1 For Work5.6.vcxproj", "{53D03895-A9D6-43B5-BC42-17A68568A803}"
EndProject
Global
	GlobalSection(SolutionConfigurationPlatforms) = preSolution
		Debug|x64 = Debug|x64
		Debug|x86 = Debug|x86
		Release|x64 = Release|x64
		Release|x86 = Release|x86
	EndGlobalSection
	GlobalSection(ProjectConfigurationPlatforms) = postSolution
		{53D03895-A9D6-43B5-BC42-17A68568A803}.Debug|x64.ActiveCfg = Debug|x64
		{53D03895-A9D6-43B5-BC42-17A68568A803}.Debug|x64.Build.0 = Debug|x64
		{53D03895-A9D6-43B5-BC42-17A68568A803}.Debug|x86.ActiveCfg = Debug|Win32
		{53D03895-A9D6-43B5-BC42-17A68568A803}.Debug|x86.Build.0 = Debug|Win32
		{53D03895-A9D6-43B5-BC42-17A68568A803}.Release|x64.ActiveCfg = Release|x64
		{53D03895-A9D6-43B5-BC42-17A68568A803}.Release|x64.Build.0 = Release|x64
		{53D03895-A9D6-43B5-BC42-17A68568A803}.Release|x86.ActiveCfg = Release|Win32
		{53D03895-A9D6-43B5-BC42-17A68568A803}.Release|x86.Build.0 = Release|Win32
	EndGlobalSection
	GlobalSection(SolutionProperties) = preSolution
		HideSolutionNode = FALSE
	EndGlobalSection
	GlobalSection(ExtensibilityGlobals) = postSolution
		SolutionGuid = {A8CC99B2-5571-4E41-BC3F-FBA2B0046AF8}
	EndGlobalSection
EndGlobal
